
Microsoft Visual Studio Solution File, Format Version 12.00
# Visual Studio Version 16
VisualStudioVersion = 16.0.29911.84
MinimumVisualStudioVersion = 10.0.40219.1
Project("{FAE04EC0-301F-11D3-BF4B-00C04F79EFBC}") = "szeptemberiDolgozat", "szeptemberiDolgozat\szeptemberiDolgozat.csproj", "{B750138C-328E-4028-94B8-94649DDCEB1F}"
EndProject
Global
	GlobalSection(SolutionConfigurationPlatforms) = preSolution
		Debug|Any CPU = Debug|Any CPU
		Release|Any CPU = Release|Any CPU
	EndGlobalSection
	GlobalSection(ProjectConfigurationPlatforms) = postSolution
		{B750138C-328E-4028-94B8-94649DDCEB1F}.Debug|Any CPU.ActiveCfg = Debug|Any CPU
		{B750138C-328E-4028-94B8-94649DDCEB1F}.Debug|Any CPU.Build.0 = Debug|Any CPU
		{B750138C-328E-4028-94B8-94649DDCEB1F}.Release|Any CPU.ActiveCfg = Release|Any CPU
		{B750138C-328E-4028-94B8-94649DDCEB1F}.Release|Any CPU.Build.0 = Release|Any CPU
	EndGlobalSection
	GlobalSection(SolutionProperties) = preSolution
		HideSolutionNode = FALSE
	EndGlobalSection
	GlobalSection(ExtensibilityGlobals) = postSolution
		SolutionGuid = {01EE3FDA-72EA-4922-B01E-1C44CF7EE9CA}
	EndGlobalSection
EndGlobal
